// !$*UTF8*$!
{
	archiveVersion = 1;
	classes = {
	};
	objectVersion = 56;
	objects = {

/* Begin PBXBuildFile section */
		225820E32CFFF5B3002850B2 /* XCTest.framework in Frameworks */ = {isa = PBXBuildFile; fileRef = 229BF1BC2CFF709B0013CDB6 /* XCTest.framework */; };
		22789C9A2CFC649D00CCEC2F /* ChatBotApp.swift in Sources */ = {isa = PBXBuildFile; fileRef = 22789C992CFC649D00CCEC2F /* ChatBotApp.swift */; };
		22789C9C2CFC649D00CCEC2F /* ContentView.swift in Sources */ = {isa = PBXBuildFile; fileRef = 22789C9B2CFC649D00CCEC2F /* ContentView.swift */; };
		22789C9E2CFC649E00CCEC2F /* Assets.xcassets in Resources */ = {isa = PBXBuildFile; fileRef = 22789C9D2CFC649E00CCEC2F /* Assets.xcassets */; };
		22789CA12CFC649E00CCEC2F /* Preview Assets.xcassets in Resources */ = {isa = PBXBuildFile; fileRef = 22789CA02CFC649E00CCEC2F /* Preview Assets.xcassets */; };
		22789D382CFC661E00CCEC2F /* AuthenticationModel.swift in Sources */ = {isa = PBXBuildFile; fileRef = 22789D1B2CFC661E00CCEC2F /* AuthenticationModel.swift */; };
		22789D392CFC661E00CCEC2F /* User.swift in Sources */ = {isa = PBXBuildFile; fileRef = 22789D1C2CFC661E00CCEC2F /* User.swift */; };
		22789D3A2CFC661E00CCEC2F /* ChatHistory.swift in Sources */ = {isa = PBXBuildFile; fileRef = 22789D1E2CFC661E00CCEC2F /* ChatHistory.swift */; };
		22789D3B2CFC661E00CCEC2F /* ChatMessage.swift in Sources */ = {isa = PBXBuildFile; fileRef = 22789D1F2CFC661E00CCEC2F /* ChatMessage.swift */; };
		22789D3C2CFC661E00CCEC2F /* ChatSession.swift in Sources */ = {isa = PBXBuildFile; fileRef = 22789D202CFC661E00CCEC2F /* ChatSession.swift */; };
		22789D3D2CFC661E00CCEC2F /* AppSettings.swift in Sources */ = {isa = PBXBuildFile; fileRef = 22789D222CFC661E00CCEC2F /* AppSettings.swift */; };
		22789D3E2CFC661E00CCEC2F /* UserPreferences.swift in Sources */ = {isa = PBXBuildFile; fileRef = 22789D232CFC661E00CCEC2F /* UserPreferences.swift */; };
		22789D3F2CFC661E00CCEC2F /* AuthenticationViewModel.swift in Sources */ = {isa = PBXBuildFile; fileRef = 22789D262CFC661E00CCEC2F /* AuthenticationViewModel.swift */; };
		22789D402CFC661E00CCEC2F /* ChatHistoryViewModel.swift in Sources */ = {isa = PBXBuildFile; fileRef = 22789D282CFC661E00CCEC2F /* ChatHistoryViewModel.swift */; };
		22789D412CFC661E00CCEC2F /* ChatViewModel.swift in Sources */ = {isa = PBXBuildFile; fileRef = 22789D292CFC661E00CCEC2F /* ChatViewModel.swift */; };
		22789D422CFC661E00CCEC2F /* SettingsViewModel.swift in Sources */ = {isa = PBXBuildFile; fileRef = 22789D2B2CFC661E00CCEC2F /* SettingsViewModel.swift */; };
		22789D432CFC661E00CCEC2F /* LoginView.swift in Sources */ = {isa = PBXBuildFile; fileRef = 22789D2E2CFC661E00CCEC2F /* LoginView.swift */; };
		22789D442CFC661E00CCEC2F /* SignupView.swift in Sources */ = {isa = PBXBuildFile; fileRef = 22789D2F2CFC661E00CCEC2F /* SignupView.swift */; };
		22789D452CFC661E00CCEC2F /* ChatHistoryView.swift in Sources */ = {isa = PBXBuildFile; fileRef = 22789D312CFC661E00CCEC2F /* ChatHistoryView.swift */; };
		22789D462CFC661E00CCEC2F /* ChatView.swift in Sources */ = {isa = PBXBuildFile; fileRef = 22789D322CFC661E00CCEC2F /* ChatView.swift */; };
		22789D472CFC661E00CCEC2F /* SettingsView.swift in Sources */ = {isa = PBXBuildFile; fileRef = 22789D342CFC661E00CCEC2F /* SettingsView.swift */; };
		22789D502CFC663400CCEC2F /* APIConstants.swift in Sources */ = {isa = PBXBuildFile; fileRef = 22789D482CFC663400CCEC2F /* APIConstants.swift */; };
		22789D512CFC663400CCEC2F /* AppConstants.swift in Sources */ = {isa = PBXBuildFile; fileRef = 22789D492CFC663400CCEC2F /* AppConstants.swift */; };
		22789D522CFC663400CCEC2F /* ConfigurationManager.swift in Sources */ = {isa = PBXBuildFile; fileRef = 22789D4A2CFC663400CCEC2F /* ConfigurationManager.swift */; };
		22789D532CFC663400CCEC2F /* Localizable.strings in Resources */ = {isa = PBXBuildFile; fileRef = 22789D4C2CFC663400CCEC2F /* Localizable.strings */; };
		22789D542CFC663400CCEC2F /* Assets.xcassets in Resources */ = {isa = PBXBuildFile; fileRef = 22789D4E2CFC663400CCEC2F /* Assets.xcassets */; };
		22789D632CFC664B00CCEC2F /* AdSenseIntegrationService.swift in Sources */ = {isa = PBXBuildFile; fileRef = 22789D552CFC664B00CCEC2F /* AdSenseIntegrationService.swift */; };
		22789D642CFC664B00CCEC2F /* AuthenticationService.swift in Sources */ = {isa = PBXBuildFile; fileRef = 22789D572CFC664B00CCEC2F /* AuthenticationService.swift */; };
		22789D652CFC664B00CCEC2F /* FirebaseAuthService.swift in Sources */ = {isa = PBXBuildFile; fileRef = 22789D582CFC664B00CCEC2F /* FirebaseAuthService.swift */; };
		22789D662CFC664B00CCEC2F /* ChatPersistenceService.swift in Sources */ = {isa = PBXBuildFile; fileRef = 22789D5A2CFC664B00CCEC2F /* ChatPersistenceService.swift */; };
		22789D672CFC664B00CCEC2F /* ChatService.swift in Sources */ = {isa = PBXBuildFile; fileRef = 22789D5B2CFC664B00CCEC2F /* ChatService.swift */; };
		22789D682CFC664B00CCEC2F /* APIEndpoints.swift in Sources */ = {isa = PBXBuildFile; fileRef = 22789D5D2CFC664B00CCEC2F /* APIEndpoints.swift */; };
		22789D692CFC664B00CCEC2F /* NetworkManager.swift in Sources */ = {isa = PBXBuildFile; fileRef = 22789D5E2CFC664B00CCEC2F /* NetworkManager.swift */; };
		22789D6A2CFC664B00CCEC2F /* PaymentGatewayService.swift in Sources */ = {isa = PBXBuildFile; fileRef = 22789D602CFC664B00CCEC2F /* PaymentGatewayService.swift */; };
		22789D6E2CFC665A00CCEC2F /* AppDelegate.swift in Sources */ = {isa = PBXBuildFile; fileRef = 22789D6B2CFC665A00CCEC2F /* AppDelegate.swift */; };
		22789D7C2CFC667500CCEC2F /* ErrorView.swift in Sources */ = {isa = PBXBuildFile; fileRef = 22789D702CFC667500CCEC2F /* ErrorView.swift */; };
		22789D7D2CFC667500CCEC2F /* LoadingIndicator.swift in Sources */ = {isa = PBXBuildFile; fileRef = 22789D712CFC667500CCEC2F /* LoadingIndicator.swift */; };
		22789D7E2CFC667500CCEC2F /* Date+Extensions.swift in Sources */ = {isa = PBXBuildFile; fileRef = 22789D732CFC667500CCEC2F /* Date+Extensions.swift */; };
		22789D7F2CFC667500CCEC2F /* String+Extensions.swift in Sources */ = {isa = PBXBuildFile; fileRef = 22789D742CFC667500CCEC2F /* String+Extensions.swift */; };
		22789D802CFC667500CCEC2F /* View+Extensions.swift in Sources */ = {isa = PBXBuildFile; fileRef = 22789D752CFC667500CCEC2F /* View+Extensions.swift */; };
		22789D812CFC667500CCEC2F /* DateFormatter.swift in Sources */ = {isa = PBXBuildFile; fileRef = 22789D772CFC667500CCEC2F /* DateFormatter.swift */; };
		22789D822CFC667500CCEC2F /* ValidationHelper.swift in Sources */ = {isa = PBXBuildFile; fileRef = 22789D782CFC667500CCEC2F /* ValidationHelper.swift */; };
		227FF9912CFF61E30034A9DD /* GoogleSignIn in Frameworks */ = {isa = PBXBuildFile; productRef = 227FF9902CFF61E30034A9DD /* GoogleSignIn */; };
		227FF9932CFF61E30034A9DD /* GoogleSignInSwift in Frameworks */ = {isa = PBXBuildFile; productRef = 227FF9922CFF61E30034A9DD /* GoogleSignInSwift */; };
		229BF1C72CFF713A0013CDB6 /* ChatBotTests.swift in Sources */ = {isa = PBXBuildFile; fileRef = 229BF1C62CFF713A0013CDB6 /* ChatBotTests.swift */; };
		229BF1CF2CFFEC230013CDB6 /* AuthServiceTests.swift in Sources */ = {isa = PBXBuildFile; fileRef = 229BF1B72CFF6EF50013CDB6 /* AuthServiceTests.swift */; };
		229BF1D02CFFEC270013CDB6 /* AuthServiceTests.swift in Sources */ = {isa = PBXBuildFile; fileRef = 229BF1B72CFF6EF50013CDB6 /* AuthServiceTests.swift */; };
		22BEE9EF2D013B3B007561D6 /* GoogleService-Info.plist in Resources */ = {isa = PBXBuildFile; fileRef = 22BEE9EE2D013B3B007561D6 /* GoogleService-Info.plist */; };
		22D36F772CFE0EFF008B25E8 /* FirebaseAnalytics in Frameworks */ = {isa = PBXBuildFile; productRef = 22D36F762CFE0EFF008B25E8 /* FirebaseAnalytics */; };
		22D36F792CFE0EFF008B25E8 /* FirebaseAuth in Frameworks */ = {isa = PBXBuildFile; productRef = 22D36F782CFE0EFF008B25E8 /* FirebaseAuth */; };
		22D36F7B2CFE0EFF008B25E8 /* FirebaseFirestore in Frameworks */ = {isa = PBXBuildFile; productRef = 22D36F7A2CFE0EFF008B25E8 /* FirebaseFirestore */; };
		22D36F802CFE25D2008B25E8 /* UserStorageService.swift in Sources */ = {isa = PBXBuildFile; fileRef = 22D36F7F2CFE25D2008B25E8 /* UserStorageService.swift */; };
/* End PBXBuildFile section */

/* Begin PBXContainerItemProxy section */
		229BF1C82CFF713A0013CDB6 /* PBXContainerItemProxy */ = {
			isa = PBXContainerItemProxy;
			containerPortal = 22789C8E2CFC649D00CCEC2F /* Project object */;
			proxyType = 1;
			remoteGlobalIDString = 22789C952CFC649D00CCEC2F;
			remoteInfo = ChatBot;
		};
/* End PBXContainerItemProxy section */

/* Begin PBXFileReference section */
		22789C962CFC649D00CCEC2F /* ChatBot.app */ = {isa = PBXFileReference; explicitFileType = wrapper.application; includeInIndex = 0; path = ChatBot.app; sourceTree = BUILT_PRODUCTS_DIR; };
		22789C992CFC649D00CCEC2F /* ChatBotApp.swift */ = {isa = PBXFileReference; lastKnownFileType = sourcecode.swift; path = ChatBotApp.swift; sourceTree = "<group>"; };
		22789C9B2CFC649D00CCEC2F /* ContentView.swift */ = {isa = PBXFileReference; lastKnownFileType = sourcecode.swift; path = ContentView.swift; sourceTree = "<group>"; };
		22789C9D2CFC649E00CCEC2F /* Assets.xcassets */ = {isa = PBXFileReference; lastKnownFileType = folder.assetcatalog; path = Assets.xcassets; sourceTree = "<group>"; };
		22789CA02CFC649E00CCEC2F /* Preview Assets.xcassets */ = {isa = PBXFileReference; lastKnownFileType = folder.assetcatalog; path = "Preview Assets.xcassets"; sourceTree = "<group>"; };
		22789D1B2CFC661E00CCEC2F /* AuthenticationModel.swift */ = {isa = PBXFileReference; fileEncoding = 4; lastKnownFileType = sourcecode.swift; path = AuthenticationModel.swift; sourceTree = "<group>"; };
		22789D1C2CFC661E00CCEC2F /* User.swift */ = {isa = PBXFileReference; fileEncoding = 4; lastKnownFileType = sourcecode.swift; path = User.swift; sourceTree = "<group>"; };
		22789D1E2CFC661E00CCEC2F /* ChatHistory.swift */ = {isa = PBXFileReference; fileEncoding = 4; lastKnownFileType = sourcecode.swift; path = ChatHistory.swift; sourceTree = "<group>"; };
		22789D1F2CFC661E00CCEC2F /* ChatMessage.swift */ = {isa = PBXFileReference; fileEncoding = 4; lastKnownFileType = sourcecode.swift; path = ChatMessage.swift; sourceTree = "<group>"; };
		22789D202CFC661E00CCEC2F /* ChatSession.swift */ = {isa = PBXFileReference; fileEncoding = 4; lastKnownFileType = sourcecode.swift; path = ChatSession.swift; sourceTree = "<group>"; };
		22789D222CFC661E00CCEC2F /* AppSettings.swift */ = {isa = PBXFileReference; fileEncoding = 4; lastKnownFileType = sourcecode.swift; path = AppSettings.swift; sourceTree = "<group>"; };
		22789D232CFC661E00CCEC2F /* UserPreferences.swift */ = {isa = PBXFileReference; fileEncoding = 4; lastKnownFileType = sourcecode.swift; path = UserPreferences.swift; sourceTree = "<group>"; };
		22789D262CFC661E00CCEC2F /* AuthenticationViewModel.swift */ = {isa = PBXFileReference; fileEncoding = 4; lastKnownFileType = sourcecode.swift; path = AuthenticationViewModel.swift; sourceTree = "<group>"; };
		22789D282CFC661E00CCEC2F /* ChatHistoryViewModel.swift */ = {isa = PBXFileReference; fileEncoding = 4; lastKnownFileType = sourcecode.swift; path = ChatHistoryViewModel.swift; sourceTree = "<group>"; };
		22789D292CFC661E00CCEC2F /* ChatViewModel.swift */ = {isa = PBXFileReference; fileEncoding = 4; lastKnownFileType = sourcecode.swift; path = ChatViewModel.swift; sourceTree = "<group>"; };
		22789D2B2CFC661E00CCEC2F /* SettingsViewModel.swift */ = {isa = PBXFileReference; fileEncoding = 4; lastKnownFileType = sourcecode.swift; path = SettingsViewModel.swift; sourceTree = "<group>"; };
		22789D2E2CFC661E00CCEC2F /* LoginView.swift */ = {isa = PBXFileReference; fileEncoding = 4; lastKnownFileType = sourcecode.swift; path = LoginView.swift; sourceTree = "<group>"; };
		22789D2F2CFC661E00CCEC2F /* SignupView.swift */ = {isa = PBXFileReference; fileEncoding = 4; lastKnownFileType = sourcecode.swift; path = SignupView.swift; sourceTree = "<group>"; };
		22789D312CFC661E00CCEC2F /* ChatHistoryView.swift */ = {isa = PBXFileReference; fileEncoding = 4; lastKnownFileType = sourcecode.swift; path = ChatHistoryView.swift; sourceTree = "<group>"; };
		22789D322CFC661E00CCEC2F /* ChatView.swift */ = {isa = PBXFileReference; fileEncoding = 4; lastKnownFileType = sourcecode.swift; path = ChatView.swift; sourceTree = "<group>"; };
		22789D342CFC661E00CCEC2F /* SettingsView.swift */ = {isa = PBXFileReference; fileEncoding = 4; lastKnownFileType = sourcecode.swift; path = SettingsView.swift; sourceTree = "<group>"; };
		22789D482CFC663400CCEC2F /* APIConstants.swift */ = {isa = PBXFileReference; fileEncoding = 4; lastKnownFileType = sourcecode.swift; path = APIConstants.swift; sourceTree = "<group>"; };
		22789D492CFC663400CCEC2F /* AppConstants.swift */ = {isa = PBXFileReference; fileEncoding = 4; lastKnownFileType = sourcecode.swift; path = AppConstants.swift; sourceTree = "<group>"; };
		22789D4A2CFC663400CCEC2F /* ConfigurationManager.swift */ = {isa = PBXFileReference; fileEncoding = 4; lastKnownFileType = sourcecode.swift; path = ConfigurationManager.swift; sourceTree = "<group>"; };
		22789D4C2CFC663400CCEC2F /* Localizable.strings */ = {isa = PBXFileReference; fileEncoding = 4; lastKnownFileType = text.plist.strings; path = Localizable.strings; sourceTree = "<group>"; };
		22789D4E2CFC663400CCEC2F /* Assets.xcassets */ = {isa = PBXFileReference; lastKnownFileType = folder.assetcatalog; path = Assets.xcassets; sourceTree = "<group>"; };
		22789D552CFC664B00CCEC2F /* AdSenseIntegrationService.swift */ = {isa = PBXFileReference; fileEncoding = 4; lastKnownFileType = sourcecode.swift; path = AdSenseIntegrationService.swift; sourceTree = "<group>"; };
		22789D572CFC664B00CCEC2F /* AuthenticationService.swift */ = {isa = PBXFileReference; fileEncoding = 4; lastKnownFileType = sourcecode.swift; path = AuthenticationService.swift; sourceTree = "<group>"; };
		22789D582CFC664B00CCEC2F /* FirebaseAuthService.swift */ = {isa = PBXFileReference; fileEncoding = 4; lastKnownFileType = sourcecode.swift; path = FirebaseAuthService.swift; sourceTree = "<group>"; };
		22789D5A2CFC664B00CCEC2F /* ChatPersistenceService.swift */ = {isa = PBXFileReference; fileEncoding = 4; lastKnownFileType = sourcecode.swift; path = ChatPersistenceService.swift; sourceTree = "<group>"; };
		22789D5B2CFC664B00CCEC2F /* ChatService.swift */ = {isa = PBXFileReference; fileEncoding = 4; lastKnownFileType = sourcecode.swift; path = ChatService.swift; sourceTree = "<group>"; };
		22789D5D2CFC664B00CCEC2F /* APIEndpoints.swift */ = {isa = PBXFileReference; fileEncoding = 4; lastKnownFileType = sourcecode.swift; path = APIEndpoints.swift; sourceTree = "<group>"; };
		22789D5E2CFC664B00CCEC2F /* NetworkManager.swift */ = {isa = PBXFileReference; fileEncoding = 4; lastKnownFileType = sourcecode.swift; path = NetworkManager.swift; sourceTree = "<group>"; };
		22789D602CFC664B00CCEC2F /* PaymentGatewayService.swift */ = {isa = PBXFileReference; fileEncoding = 4; lastKnownFileType = sourcecode.swift; path = PaymentGatewayService.swift; sourceTree = "<group>"; };
		22789D6B2CFC665A00CCEC2F /* AppDelegate.swift */ = {isa = PBXFileReference; fileEncoding = 4; lastKnownFileType = sourcecode.swift; path = AppDelegate.swift; sourceTree = "<group>"; };
		22789D702CFC667500CCEC2F /* ErrorView.swift */ = {isa = PBXFileReference; fileEncoding = 4; lastKnownFileType = sourcecode.swift; path = ErrorView.swift; sourceTree = "<group>"; };
		22789D712CFC667500CCEC2F /* LoadingIndicator.swift */ = {isa = PBXFileReference; fileEncoding = 4; lastKnownFileType = sourcecode.swift; path = LoadingIndicator.swift; sourceTree = "<group>"; };
		22789D732CFC667500CCEC2F /* Date+Extensions.swift */ = {isa = PBXFileReference; fileEncoding = 4; lastKnownFileType = sourcecode.swift; path = "Date+Extensions.swift"; sourceTree = "<group>"; };
		22789D742CFC667500CCEC2F /* String+Extensions.swift */ = {isa = PBXFileReference; fileEncoding = 4; lastKnownFileType = sourcecode.swift; path = "String+Extensions.swift"; sourceTree = "<group>"; };
		22789D752CFC667500CCEC2F /* View+Extensions.swift */ = {isa = PBXFileReference; fileEncoding = 4; lastKnownFileType = sourcecode.swift; path = "View+Extensions.swift"; sourceTree = "<group>"; };
		22789D772CFC667500CCEC2F /* DateFormatter.swift */ = {isa = PBXFileReference; fileEncoding = 4; lastKnownFileType = sourcecode.swift; path = DateFormatter.swift; sourceTree = "<group>"; };
		22789D782CFC667500CCEC2F /* ValidationHelper.swift */ = {isa = PBXFileReference; fileEncoding = 4; lastKnownFileType = sourcecode.swift; path = ValidationHelper.swift; sourceTree = "<group>"; };
		229BF1B72CFF6EF50013CDB6 /* AuthServiceTests.swift */ = {isa = PBXFileReference; fileEncoding = 4; lastKnownFileType = sourcecode.swift; path = AuthServiceTests.swift; sourceTree = "<group>"; };
		229BF1BC2CFF709B0013CDB6 /* XCTest.framework */ = {isa = PBXFileReference; lastKnownFileType = wrapper.framework; name = XCTest.framework; path = Platforms/iPhoneOS.platform/Developer/Library/Frameworks/XCTest.framework; sourceTree = DEVELOPER_DIR; };
		229BF1C42CFF713A0013CDB6 /* ChatBotTests.xctest */ = {isa = PBXFileReference; explicitFileType = wrapper.cfbundle; includeInIndex = 0; path = ChatBotTests.xctest; sourceTree = BUILT_PRODUCTS_DIR; };
		229BF1C62CFF713A0013CDB6 /* ChatBotTests.swift */ = {isa = PBXFileReference; lastKnownFileType = sourcecode.swift; path = ChatBotTests.swift; sourceTree = "<group>"; };
		22BEE9EE2D013B3B007561D6 /* GoogleService-Info.plist */ = {isa = PBXFileReference; fileEncoding = 4; lastKnownFileType = text.plist.xml; name = "GoogleService-Info.plist"; path = "../../../../Downloads/GoogleService-Info.plist"; sourceTree = "<group>"; };
		22D36F7F2CFE25D2008B25E8 /* UserStorageService.swift */ = {isa = PBXFileReference; lastKnownFileType = sourcecode.swift; path = UserStorageService.swift; sourceTree = "<group>"; };
/* End PBXFileReference section */

/* Begin PBXFrameworksBuildPhase section */
		22789C932CFC649D00CCEC2F /* Frameworks */ = {
			isa = PBXFrameworksBuildPhase;
			buildActionMask = 2147483647;
			files = (
				225820E32CFFF5B3002850B2 /* XCTest.framework in Frameworks */,
				227FF9932CFF61E30034A9DD /* GoogleSignInSwift in Frameworks */,
				22D36F772CFE0EFF008B25E8 /* FirebaseAnalytics in Frameworks */,
				227FF9912CFF61E30034A9DD /* GoogleSignIn in Frameworks */,
				22D36F792CFE0EFF008B25E8 /* FirebaseAuth in Frameworks */,
				22D36F7B2CFE0EFF008B25E8 /* FirebaseFirestore in Frameworks */,
			);
			runOnlyForDeploymentPostprocessing = 0;
		};
		229BF1C12CFF713A0013CDB6 /* Frameworks */ = {
			isa = PBXFrameworksBuildPhase;
			buildActionMask = 2147483647;
			files = (
			);
			runOnlyForDeploymentPostprocessing = 0;
		};
/* End PBXFrameworksBuildPhase section */

/* Begin PBXGroup section */
		22789C8D2CFC649D00CCEC2F = {
			isa = PBXGroup;
			children = (
				22789C982CFC649D00CCEC2F /* ChatBot */,
				229BF1C52CFF713A0013CDB6 /* ChatBotTests */,
				22789C972CFC649D00CCEC2F /* Products */,
				229BF1BB2CFF709A0013CDB6 /* Frameworks */,
			);
			sourceTree = "<group>";
		};
		22789C972CFC649D00CCEC2F /* Products */ = {
			isa = PBXGroup;
			children = (
				22789C962CFC649D00CCEC2F /* ChatBot.app */,
				229BF1C42CFF713A0013CDB6 /* ChatBotTests.xctest */,
			);
			name = Products;
			sourceTree = "<group>";
		};
		22789C982CFC649D00CCEC2F /* ChatBot */ = {
			isa = PBXGroup;
			children = (
				22BEE9EE2D013B3B007561D6 /* GoogleService-Info.plist */,
				229BF1B92CFF6EF50013CDB6 /* Tests */,
				22789D7A2CFC667500CCEC2F /* Utilities */,
				22789D6D2CFC665A00CCEC2F /* SupportingFiles */,
				22789D622CFC664B00CCEC2F /* Services */,
				22789D4F2CFC663400CCEC2F /* Resources */,
				22789D372CFC661E00CCEC2F /* Core */,
				22789C992CFC649D00CCEC2F /* ChatBotApp.swift */,
				22789C9B2CFC649D00CCEC2F /* ContentView.swift */,
				22789C9D2CFC649E00CCEC2F /* Assets.xcassets */,
				22789C9F2CFC649E00CCEC2F /* Preview Content */,
			);
			path = ChatBot;
			sourceTree = "<group>";
		};
		22789C9F2CFC649E00CCEC2F /* Preview Content */ = {
			isa = PBXGroup;
			children = (
				22789CA02CFC649E00CCEC2F /* Preview Assets.xcassets */,
			);
			path = "Preview Content";
			sourceTree = "<group>";
		};
		22789D1D2CFC661E00CCEC2F /* Authentication */ = {
			isa = PBXGroup;
			children = (
				22789D1B2CFC661E00CCEC2F /* AuthenticationModel.swift */,
				22789D1C2CFC661E00CCEC2F /* User.swift */,
			);
			path = Authentication;
			sourceTree = "<group>";
		};
		22789D212CFC661E00CCEC2F /* Chat */ = {
			isa = PBXGroup;
			children = (
				22789D1E2CFC661E00CCEC2F /* ChatHistory.swift */,
				22789D1F2CFC661E00CCEC2F /* ChatMessage.swift */,
				22789D202CFC661E00CCEC2F /* ChatSession.swift */,
			);
			path = Chat;
			sourceTree = "<group>";
		};
		22789D242CFC661E00CCEC2F /* Settings */ = {
			isa = PBXGroup;
			children = (
				22789D222CFC661E00CCEC2F /* AppSettings.swift */,
				22789D232CFC661E00CCEC2F /* UserPreferences.swift */,
			);
			path = Settings;
			sourceTree = "<group>";
		};
		22789D252CFC661E00CCEC2F /* Models */ = {
			isa = PBXGroup;
			children = (
				22789D1D2CFC661E00CCEC2F /* Authentication */,
				22789D212CFC661E00CCEC2F /* Chat */,
				22789D242CFC661E00CCEC2F /* Settings */,
			);
			path = Models;
			sourceTree = "<group>";
		};
		22789D272CFC661E00CCEC2F /* Authentication */ = {
			isa = PBXGroup;
			children = (
				22789D262CFC661E00CCEC2F /* AuthenticationViewModel.swift */,
			);
			path = Authentication;
			sourceTree = "<group>";
		};
		22789D2A2CFC661E00CCEC2F /* Chat */ = {
			isa = PBXGroup;
			children = (
				22789D282CFC661E00CCEC2F /* ChatHistoryViewModel.swift */,
				22789D292CFC661E00CCEC2F /* ChatViewModel.swift */,
			);
			path = Chat;
			sourceTree = "<group>";
		};
		22789D2C2CFC661E00CCEC2F /* Settings */ = {
			isa = PBXGroup;
			children = (
				22789D2B2CFC661E00CCEC2F /* SettingsViewModel.swift */,
			);
			path = Settings;
			sourceTree = "<group>";
		};
		22789D2D2CFC661E00CCEC2F /* ViewModels */ = {
			isa = PBXGroup;
			children = (
				22789D272CFC661E00CCEC2F /* Authentication */,
				22789D2A2CFC661E00CCEC2F /* Chat */,
				22789D2C2CFC661E00CCEC2F /* Settings */,
			);
			path = ViewModels;
			sourceTree = "<group>";
		};
		22789D302CFC661E00CCEC2F /* Authentication */ = {
			isa = PBXGroup;
			children = (
				22789D2E2CFC661E00CCEC2F /* LoginView.swift */,
				22789D2F2CFC661E00CCEC2F /* SignupView.swift */,
			);
			path = Authentication;
			sourceTree = "<group>";
		};
		22789D332CFC661E00CCEC2F /* Chat */ = {
			isa = PBXGroup;
			children = (
				22789D312CFC661E00CCEC2F /* ChatHistoryView.swift */,
				22789D322CFC661E00CCEC2F /* ChatView.swift */,
			);
			path = Chat;
			sourceTree = "<group>";
		};
		22789D352CFC661E00CCEC2F /* Settings */ = {
			isa = PBXGroup;
			children = (
				22789D342CFC661E00CCEC2F /* SettingsView.swift */,
			);
			path = Settings;
			sourceTree = "<group>";
		};
		22789D362CFC661E00CCEC2F /* Views */ = {
			isa = PBXGroup;
			children = (
				22789D302CFC661E00CCEC2F /* Authentication */,
				22789D332CFC661E00CCEC2F /* Chat */,
				22789D352CFC661E00CCEC2F /* Settings */,
			);
			path = Views;
			sourceTree = "<group>";
		};
		22789D372CFC661E00CCEC2F /* Core */ = {
			isa = PBXGroup;
			children = (
				22789D252CFC661E00CCEC2F /* Models */,
				22789D2D2CFC661E00CCEC2F /* ViewModels */,
				22789D362CFC661E00CCEC2F /* Views */,
			);
			path = Core;
			sourceTree = "<group>";
		};
		22789D4B2CFC663400CCEC2F /* Constants */ = {
			isa = PBXGroup;
			children = (
				22789D482CFC663400CCEC2F /* APIConstants.swift */,
				22789D492CFC663400CCEC2F /* AppConstants.swift */,
				22789D4A2CFC663400CCEC2F /* ConfigurationManager.swift */,
			);
			path = Constants;
			sourceTree = "<group>";
		};
		22789D4D2CFC663400CCEC2F /* Localization */ = {
			isa = PBXGroup;
			children = (
				22789D4C2CFC663400CCEC2F /* Localizable.strings */,
			);
			path = Localization;
			sourceTree = "<group>";
		};
		22789D4F2CFC663400CCEC2F /* Resources */ = {
			isa = PBXGroup;
			children = (
				22789D4B2CFC663400CCEC2F /* Constants */,
				22789D4D2CFC663400CCEC2F /* Localization */,
				22789D4E2CFC663400CCEC2F /* Assets.xcassets */,
			);
			path = Resources;
			sourceTree = "<group>";
		};
		22789D562CFC664B00CCEC2F /* AdSense */ = {
			isa = PBXGroup;
			children = (
				22789D552CFC664B00CCEC2F /* AdSenseIntegrationService.swift */,
			);
			path = AdSense;
			sourceTree = "<group>";
		};
		22789D592CFC664B00CCEC2F /* Authentication */ = {
			isa = PBXGroup;
			children = (
				22789D572CFC664B00CCEC2F /* AuthenticationService.swift */,
				22789D582CFC664B00CCEC2F /* FirebaseAuthService.swift */,
				22D36F7F2CFE25D2008B25E8 /* UserStorageService.swift */,
			);
			path = Authentication;
			sourceTree = "<group>";
		};
		22789D5C2CFC664B00CCEC2F /* Chat */ = {
			isa = PBXGroup;
			children = (
				22789D5A2CFC664B00CCEC2F /* ChatPersistenceService.swift */,
				22789D5B2CFC664B00CCEC2F /* ChatService.swift */,
			);
			path = Chat;
			sourceTree = "<group>";
		};
		22789D5F2CFC664B00CCEC2F /* Network */ = {
			isa = PBXGroup;
			children = (
				22789D5D2CFC664B00CCEC2F /* APIEndpoints.swift */,
				22789D5E2CFC664B00CCEC2F /* NetworkManager.swift */,
			);
			path = Network;
			sourceTree = "<group>";
		};
		22789D612CFC664B00CCEC2F /* Payment */ = {
			isa = PBXGroup;
			children = (
				22789D602CFC664B00CCEC2F /* PaymentGatewayService.swift */,
			);
			path = Payment;
			sourceTree = "<group>";
		};
		22789D622CFC664B00CCEC2F /* Services */ = {
			isa = PBXGroup;
			children = (
				22789D562CFC664B00CCEC2F /* AdSense */,
				22789D592CFC664B00CCEC2F /* Authentication */,
				22789D5C2CFC664B00CCEC2F /* Chat */,
				22789D5F2CFC664B00CCEC2F /* Network */,
				22789D612CFC664B00CCEC2F /* Payment */,
			);
			path = Services;
			sourceTree = "<group>";
		};
		22789D6D2CFC665A00CCEC2F /* SupportingFiles */ = {
			isa = PBXGroup;
			children = (
				22789D6B2CFC665A00CCEC2F /* AppDelegate.swift */,
			);
			path = SupportingFiles;
			sourceTree = "<group>";
		};
		22789D722CFC667500CCEC2F /* CustomComponents */ = {
			isa = PBXGroup;
			children = (
				22789D702CFC667500CCEC2F /* ErrorView.swift */,
				22789D712CFC667500CCEC2F /* LoadingIndicator.swift */,
			);
			path = CustomComponents;
			sourceTree = "<group>";
		};
		22789D762CFC667500CCEC2F /* Extensions */ = {
			isa = PBXGroup;
			children = (
				22789D732CFC667500CCEC2F /* Date+Extensions.swift */,
				22789D742CFC667500CCEC2F /* String+Extensions.swift */,
				22789D752CFC667500CCEC2F /* View+Extensions.swift */,
			);
			path = Extensions;
			sourceTree = "<group>";
		};
		22789D792CFC667500CCEC2F /* Helpers */ = {
			isa = PBXGroup;
			children = (
				22789D772CFC667500CCEC2F /* DateFormatter.swift */,
				22789D782CFC667500CCEC2F /* ValidationHelper.swift */,
			);
			path = Helpers;
			sourceTree = "<group>";
		};
		22789D7A2CFC667500CCEC2F /* Utilities */ = {
			isa = PBXGroup;
			children = (
				22789D722CFC667500CCEC2F /* CustomComponents */,
				22789D762CFC667500CCEC2F /* Extensions */,
				22789D792CFC667500CCEC2F /* Helpers */,
			);
			path = Utilities;
			sourceTree = "<group>";
		};
		229BF1B82CFF6EF50013CDB6 /* AuthServiceTests */ = {
			isa = PBXGroup;
			children = (
				229BF1B72CFF6EF50013CDB6 /* AuthServiceTests.swift */,
			);
			path = AuthServiceTests;
			sourceTree = "<group>";
		};
		229BF1B92CFF6EF50013CDB6 /* Tests */ = {
			isa = PBXGroup;
			children = (
				229BF1B82CFF6EF50013CDB6 /* AuthServiceTests */,
			);
			path = Tests;
			sourceTree = "<group>";
		};
		229BF1BB2CFF709A0013CDB6 /* Frameworks */ = {
			isa = PBXGroup;
			children = (
				229BF1BC2CFF709B0013CDB6 /* XCTest.framework */,
			);
			name = Frameworks;
			sourceTree = "<group>";
		};
		229BF1C52CFF713A0013CDB6 /* ChatBotTests */ = {
			isa = PBXGroup;
			children = (
				229BF1C62CFF713A0013CDB6 /* ChatBotTests.swift */,
			);
			path = ChatBotTests;
			sourceTree = "<group>";
		};
/* End PBXGroup section */

/* Begin PBXNativeTarget section */
		22789C952CFC649D00CCEC2F /* ChatBot */ = {
			isa = PBXNativeTarget;
			buildConfigurationList = 22789CA42CFC649E00CCEC2F /* Build configuration list for PBXNativeTarget "ChatBot" */;
			buildPhases = (
				22789C922CFC649D00CCEC2F /* Sources */,
				22789C932CFC649D00CCEC2F /* Frameworks */,
				22789C942CFC649D00CCEC2F /* Resources */,
			);
			buildRules = (
			);
			dependencies = (
			);
			name = ChatBot;
			packageProductDependencies = (
				22D36F762CFE0EFF008B25E8 /* FirebaseAnalytics */,
				22D36F782CFE0EFF008B25E8 /* FirebaseAuth */,
				22D36F7A2CFE0EFF008B25E8 /* FirebaseFirestore */,
				227FF9902CFF61E30034A9DD /* GoogleSignIn */,
				227FF9922CFF61E30034A9DD /* GoogleSignInSwift */,
			);
			productName = ChatBot;
			productReference = 22789C962CFC649D00CCEC2F /* ChatBot.app */;
			productType = "com.apple.product-type.application";
		};
		229BF1C32CFF713A0013CDB6 /* ChatBotTests */ = {
			isa = PBXNativeTarget;
			buildConfigurationList = 229BF1CA2CFF713A0013CDB6 /* Build configuration list for PBXNativeTarget "ChatBotTests" */;
			buildPhases = (
				229BF1C02CFF713A0013CDB6 /* Sources */,
				229BF1C12CFF713A0013CDB6 /* Frameworks */,
				229BF1C22CFF713A0013CDB6 /* Resources */,
			);
			buildRules = (
			);
			dependencies = (
				229BF1C92CFF713A0013CDB6 /* PBXTargetDependency */,
			);
			name = ChatBotTests;
			productName = ChatBotTests;
			productReference = 229BF1C42CFF713A0013CDB6 /* ChatBotTests.xctest */;
			productType = "com.apple.product-type.bundle.unit-test";
		};
/* End PBXNativeTarget section */

/* Begin PBXProject section */
		22789C8E2CFC649D00CCEC2F /* Project object */ = {
			isa = PBXProject;
			attributes = {
				BuildIndependentTargetsInParallel = 1;
				LastSwiftUpdateCheck = 1540;
				LastUpgradeCheck = 1540;
				TargetAttributes = {
					22789C952CFC649D00CCEC2F = {
						CreatedOnToolsVersion = 15.4;
					};
					229BF1C32CFF713A0013CDB6 = {
						CreatedOnToolsVersion = 15.4;
						TestTargetID = 22789C952CFC649D00CCEC2F;
					};
				};
			};
			buildConfigurationList = 22789C912CFC649D00CCEC2F /* Build configuration list for PBXProject "ChatBot" */;
			compatibilityVersion = "Xcode 14.0";
			developmentRegion = en;
			hasScannedForEncodings = 0;
			knownRegions = (
				en,
				Base,
			);
			mainGroup = 22789C8D2CFC649D00CCEC2F;
			packageReferences = (
				22D36F752CFE0EFF008B25E8 /* XCRemoteSwiftPackageReference "firebase-ios-sdk" */,
				227FF98F2CFF61E30034A9DD /* XCRemoteSwiftPackageReference "GoogleSignIn-iOS" */,
			);
			productRefGroup = 22789C972CFC649D00CCEC2F /* Products */;
			projectDirPath = "";
			projectRoot = "";
			targets = (
				22789C952CFC649D00CCEC2F /* ChatBot */,
				229BF1C32CFF713A0013CDB6 /* ChatBotTests */,
			);
		};
/* End PBXProject section */

/* Begin PBXResourcesBuildPhase section */
		22789C942CFC649D00CCEC2F /* Resources */ = {
			isa = PBXResourcesBuildPhase;
			buildActionMask = 2147483647;
			files = (
				22789CA12CFC649E00CCEC2F /* Preview Assets.xcassets in Resources */,
				22789D532CFC663400CCEC2F /* Localizable.strings in Resources */,
				22789D542CFC663400CCEC2F /* Assets.xcassets in Resources */,
				22789C9E2CFC649E00CCEC2F /* Assets.xcassets in Resources */,
				22BEE9EF2D013B3B007561D6 /* GoogleService-Info.plist in Resources */,
			);
			runOnlyForDeploymentPostprocessing = 0;
		};
		229BF1C22CFF713A0013CDB6 /* Resources */ = {
			isa = PBXResourcesBuildPhase;
			buildActionMask = 2147483647;
			files = (
			);
			runOnlyForDeploymentPostprocessing = 0;
		};
/* End PBXResourcesBuildPhase section */

/* Begin PBXSourcesBuildPhase section */
		22789C922CFC649D00CCEC2F /* Sources */ = {
			isa = PBXSourcesBuildPhase;
			buildActionMask = 2147483647;
			files = (
				22789D812CFC667500CCEC2F /* DateFormatter.swift in Sources */,
				22789D392CFC661E00CCEC2F /* User.swift in Sources */,
				22789D382CFC661E00CCEC2F /* AuthenticationModel.swift in Sources */,
				22789D662CFC664B00CCEC2F /* ChatPersistenceService.swift in Sources */,
				22789D802CFC667500CCEC2F /* View+Extensions.swift in Sources */,
				22789D6A2CFC664B00CCEC2F /* PaymentGatewayService.swift in Sources */,
				22789D682CFC664B00CCEC2F /* APIEndpoints.swift in Sources */,
				22789D402CFC661E00CCEC2F /* ChatHistoryViewModel.swift in Sources */,
				22789D472CFC661E00CCEC2F /* SettingsView.swift in Sources */,
				22789D7C2CFC667500CCEC2F /* ErrorView.swift in Sources */,
				22789C9C2CFC649D00CCEC2F /* ContentView.swift in Sources */,
				22789D502CFC663400CCEC2F /* APIConstants.swift in Sources */,
				22D36F802CFE25D2008B25E8 /* UserStorageService.swift in Sources */,
				22789D632CFC664B00CCEC2F /* AdSenseIntegrationService.swift in Sources */,
				22789D3C2CFC661E00CCEC2F /* ChatSession.swift in Sources */,
				22789D7F2CFC667500CCEC2F /* String+Extensions.swift in Sources */,
				22789D7D2CFC667500CCEC2F /* LoadingIndicator.swift in Sources */,
				22789D3E2CFC661E00CCEC2F /* UserPreferences.swift in Sources */,
				22789D3B2CFC661E00CCEC2F /* ChatMessage.swift in Sources */,
				22789D822CFC667500CCEC2F /* ValidationHelper.swift in Sources */,
				22789D3F2CFC661E00CCEC2F /* AuthenticationViewModel.swift in Sources */,
				22789D432CFC661E00CCEC2F /* LoginView.swift in Sources */,
				22789D442CFC661E00CCEC2F /* SignupView.swift in Sources */,
				22789D422CFC661E00CCEC2F /* SettingsViewModel.swift in Sources */,
				22789C9A2CFC649D00CCEC2F /* ChatBotApp.swift in Sources */,
				22789D6E2CFC665A00CCEC2F /* AppDelegate.swift in Sources */,
				22789D462CFC661E00CCEC2F /* ChatView.swift in Sources */,
				22789D672CFC664B00CCEC2F /* ChatService.swift in Sources */,
				22789D7E2CFC667500CCEC2F /* Date+Extensions.swift in Sources */,
				229BF1D02CFFEC270013CDB6 /* AuthServiceTests.swift in Sources */,
				22789D652CFC664B00CCEC2F /* FirebaseAuthService.swift in Sources */,
				22789D3D2CFC661E00CCEC2F /* AppSettings.swift in Sources */,
				22789D452CFC661E00CCEC2F /* ChatHistoryView.swift in Sources */,
				22789D522CFC663400CCEC2F /* ConfigurationManager.swift in Sources */,
				22789D412CFC661E00CCEC2F /* ChatViewModel.swift in Sources */,
				22789D692CFC664B00CCEC2F /* NetworkManager.swift in Sources */,
				22789D3A2CFC661E00CCEC2F /* ChatHistory.swift in Sources */,
				22789D512CFC663400CCEC2F /* AppConstants.swift in Sources */,
				22789D642CFC664B00CCEC2F /* AuthenticationService.swift in Sources */,
			);
			runOnlyForDeploymentPostprocessing = 0;
		};
		229BF1C02CFF713A0013CDB6 /* Sources */ = {
			isa = PBXSourcesBuildPhase;
			buildActionMask = 2147483647;
			files = (
				229BF1C72CFF713A0013CDB6 /* ChatBotTests.swift in Sources */,
				229BF1CF2CFFEC230013CDB6 /* AuthServiceTests.swift in Sources */,
			);
			runOnlyForDeploymentPostprocessing = 0;
		};
/* End PBXSourcesBuildPhase section */

/* Begin PBXTargetDependency section */
		229BF1C92CFF713A0013CDB6 /* PBXTargetDependency */ = {
			isa = PBXTargetDependency;
			target = 22789C952CFC649D00CCEC2F /* ChatBot */;
			targetProxy = 229BF1C82CFF713A0013CDB6 /* PBXContainerItemProxy */;
		};
/* End PBXTargetDependency section */

/* Begin XCBuildConfiguration section */
		22789CA22CFC649E00CCEC2F /* Debug */ = {
			isa = XCBuildConfiguration;
			buildSettings = {
				ALWAYS_SEARCH_USER_PATHS = NO;
				ASSETCATALOG_COMPILER_GENERATE_SWIFT_ASSET_SYMBOL_EXTENSIONS = YES;
				CLANG_ANALYZER_NONNULL = YES;
				CLANG_ANALYZER_NUMBER_OBJECT_CONVERSION = YES_AGGRESSIVE;
				CLANG_CXX_LANGUAGE_STANDARD = "gnu++20";
				CLANG_ENABLE_MODULES = YES;
				CLANG_ENABLE_OBJC_ARC = YES;
				CLANG_ENABLE_OBJC_WEAK = YES;
				CLANG_WARN_BLOCK_CAPTURE_AUTORELEASING = YES;
				CLANG_WARN_BOOL_CONVERSION = YES;
				CLANG_WARN_COMMA = YES;
				CLANG_WARN_CONSTANT_CONVERSION = YES;
				CLANG_WARN_DEPRECATED_OBJC_IMPLEMENTATIONS = YES;
				CLANG_WARN_DIRECT_OBJC_ISA_USAGE = YES_ERROR;
				CLANG_WARN_DOCUMENTATION_COMMENTS = YES;
				CLANG_WARN_EMPTY_BODY = YES;
				CLANG_WARN_ENUM_CONVERSION = YES;
				CLANG_WARN_INFINITE_RECURSION = YES;
				CLANG_WARN_INT_CONVERSION = YES;
				CLANG_WARN_NON_LITERAL_NULL_CONVERSION = YES;
				CLANG_WARN_OBJC_IMPLICIT_RETAIN_SELF = YES;
				CLANG_WARN_OBJC_LITERAL_CONVERSION = YES;
				CLANG_WARN_OBJC_ROOT_CLASS = YES_ERROR;
				CLANG_WARN_QUOTED_INCLUDE_IN_FRAMEWORK_HEADER = YES;
				CLANG_WARN_RANGE_LOOP_ANALYSIS = YES;
				CLANG_WARN_STRICT_PROTOTYPES = YES;
				CLANG_WARN_SUSPICIOUS_MOVE = YES;
				CLANG_WARN_UNGUARDED_AVAILABILITY = YES_AGGRESSIVE;
				CLANG_WARN_UNREACHABLE_CODE = YES;
				CLANG_WARN__DUPLICATE_METHOD_MATCH = YES;
				COPY_PHASE_STRIP = NO;
				DEBUG_INFORMATION_FORMAT = dwarf;
				ENABLE_STRICT_OBJC_MSGSEND = YES;
				ENABLE_TESTABILITY = YES;
				ENABLE_USER_SCRIPT_SANDBOXING = YES;
				GCC_C_LANGUAGE_STANDARD = gnu17;
				GCC_DYNAMIC_NO_PIC = NO;
				GCC_NO_COMMON_BLOCKS = YES;
				GCC_OPTIMIZATION_LEVEL = 0;
				GCC_PREPROCESSOR_DEFINITIONS = (
					"DEBUG=1",
					"$(inherited)",
				);
				GCC_WARN_64_TO_32_BIT_CONVERSION = YES;
				GCC_WARN_ABOUT_RETURN_TYPE = YES_ERROR;
				GCC_WARN_UNDECLARED_SELECTOR = YES;
				GCC_WARN_UNINITIALIZED_AUTOS = YES_AGGRESSIVE;
				GCC_WARN_UNUSED_FUNCTION = YES;
				GCC_WARN_UNUSED_VARIABLE = YES;
				IPHONEOS_DEPLOYMENT_TARGET = 17.5;
				LOCALIZATION_PREFERS_STRING_CATALOGS = YES;
				MTL_ENABLE_DEBUG_INFO = INCLUDE_SOURCE;
				MTL_FAST_MATH = YES;
				ONLY_ACTIVE_ARCH = YES;
				SDKROOT = iphoneos;
				SWIFT_ACTIVE_COMPILATION_CONDITIONS = "DEBUG $(inherited)";
				SWIFT_OPTIMIZATION_LEVEL = "-Onone";
			};
			name = Debug;
		};
		22789CA32CFC649E00CCEC2F /* Release */ = {
			isa = XCBuildConfiguration;
			buildSettings = {
				ALWAYS_SEARCH_USER_PATHS = NO;
				ASSETCATALOG_COMPILER_GENERATE_SWIFT_ASSET_SYMBOL_EXTENSIONS = YES;
				CLANG_ANALYZER_NONNULL = YES;
				CLANG_ANALYZER_NUMBER_OBJECT_CONVERSION = YES_AGGRESSIVE;
				CLANG_CXX_LANGUAGE_STANDARD = "gnu++20";
				CLANG_ENABLE_MODULES = YES;
				CLANG_ENABLE_OBJC_ARC = YES;
				CLANG_ENABLE_OBJC_WEAK = YES;
				CLANG_WARN_BLOCK_CAPTURE_AUTORELEASING = YES;
				CLANG_WARN_BOOL_CONVERSION = YES;
				CLANG_WARN_COMMA = YES;
				CLANG_WARN_CONSTANT_CONVERSION = YES;
				CLANG_WARN_DEPRECATED_OBJC_IMPLEMENTATIONS = YES;
				CLANG_WARN_DIRECT_OBJC_ISA_USAGE = YES_ERROR;
				CLANG_WARN_DOCUMENTATION_COMMENTS = YES;
				CLANG_WARN_EMPTY_BODY = YES;
				CLANG_WARN_ENUM_CONVERSION = YES;
				CLANG_WARN_INFINITE_RECURSION = YES;
				CLANG_WARN_INT_CONVERSION = YES;
				CLANG_WARN_NON_LITERAL_NULL_CONVERSION = YES;
				CLANG_WARN_OBJC_IMPLICIT_RETAIN_SELF = YES;
				CLANG_WARN_OBJC_LITERAL_CONVERSION = YES;
				CLANG_WARN_OBJC_ROOT_CLASS = YES_ERROR;
				CLANG_WARN_QUOTED_INCLUDE_IN_FRAMEWORK_HEADER = YES;
				CLANG_WARN_RANGE_LOOP_ANALYSIS = YES;
				CLANG_WARN_STRICT_PROTOTYPES = YES;
				CLANG_WARN_SUSPICIOUS_MOVE = YES;
				CLANG_WARN_UNGUARDED_AVAILABILITY = YES_AGGRESSIVE;
				CLANG_WARN_UNREACHABLE_CODE = YES;
				CLANG_WARN__DUPLICATE_METHOD_MATCH = YES;
				COPY_PHASE_STRIP = NO;
				DEBUG_INFORMATION_FORMAT = "dwarf-with-dsym";
				ENABLE_NS_ASSERTIONS = NO;
				ENABLE_STRICT_OBJC_MSGSEND = YES;
				ENABLE_USER_SCRIPT_SANDBOXING = YES;
				GCC_C_LANGUAGE_STANDARD = gnu17;
				GCC_NO_COMMON_BLOCKS = YES;
				GCC_WARN_64_TO_32_BIT_CONVERSION = YES;
				GCC_WARN_ABOUT_RETURN_TYPE = YES_ERROR;
				GCC_WARN_UNDECLARED_SELECTOR = YES;
				GCC_WARN_UNINITIALIZED_AUTOS = YES_AGGRESSIVE;
				GCC_WARN_UNUSED_FUNCTION = YES;
				GCC_WARN_UNUSED_VARIABLE = YES;
				IPHONEOS_DEPLOYMENT_TARGET = 17.5;
				LOCALIZATION_PREFERS_STRING_CATALOGS = YES;
				MTL_ENABLE_DEBUG_INFO = NO;
				MTL_FAST_MATH = YES;
				SDKROOT = iphoneos;
				SWIFT_COMPILATION_MODE = wholemodule;
				VALIDATE_PRODUCT = YES;
			};
			name = Release;
		};
		22789CA52CFC649E00CCEC2F /* Debug */ = {
			isa = XCBuildConfiguration;
			buildSettings = {
				ASSETCATALOG_COMPILER_APPICON_NAME = AppIcon;
				ASSETCATALOG_COMPILER_GLOBAL_ACCENT_COLOR_NAME = AccentColor;
				CODE_SIGN_STYLE = Automatic;
				CURRENT_PROJECT_VERSION = 1;
				DEVELOPMENT_ASSET_PATHS = "\"ChatBot/Preview Content\"";
				DEVELOPMENT_TEAM = SVAV366JMC;
				ENABLE_PREVIEWS = YES;
				GENERATE_INFOPLIST_FILE = YES;
				INFOPLIST_KEY_UIApplicationSceneManifest_Generation = YES;
				INFOPLIST_KEY_UIApplicationSupportsIndirectInputEvents = YES;
				INFOPLIST_KEY_UILaunchScreen_Generation = YES;
				INFOPLIST_KEY_UISupportedInterfaceOrientations_iPad = "UIInterfaceOrientationPortrait UIInterfaceOrientationPortraitUpsideDown UIInterfaceOrientationLandscapeLeft UIInterfaceOrientationLandscapeRight";
				INFOPLIST_KEY_UISupportedInterfaceOrientations_iPhone = "UIInterfaceOrientationPortrait UIInterfaceOrientationLandscapeLeft UIInterfaceOrientationLandscapeRight";
				LD_RUNPATH_SEARCH_PATHS = (
					"$(inherited)",
					"@executable_path/Frameworks",
				);
				MARKETING_VERSION = 1.0;
				PRODUCT_BUNDLE_IDENTIFIER = com.org.ChatBot;
				PRODUCT_NAME = "$(TARGET_NAME)";
				SWIFT_EMIT_LOC_STRINGS = YES;
				SWIFT_VERSION = 5.0;
				TARGETED_DEVICE_FAMILY = "1,2";
			};
			name = Debug;
		};
		22789CA62CFC649E00CCEC2F /* Release */ = {
			isa = XCBuildConfiguration;
			buildSettings = {
				ASSETCATALOG_COMPILER_APPICON_NAME = AppIcon;
				ASSETCATALOG_COMPILER_GLOBAL_ACCENT_COLOR_NAME = AccentColor;
				CODE_SIGN_STYLE = Automatic;
				CURRENT_PROJECT_VERSION = 1;
				DEVELOPMENT_ASSET_PATHS = "\"ChatBot/Preview Content\"";
				DEVELOPMENT_TEAM = SVAV366JMC;
				ENABLE_PREVIEWS = YES;
				GENERATE_INFOPLIST_FILE = YES;
				INFOPLIST_KEY_UIApplicationSceneManifest_Generation = YES;
				INFOPLIST_KEY_UIApplicationSupportsIndirectInputEvents = YES;
				INFOPLIST_KEY_UILaunchScreen_Generation = YES;
				INFOPLIST_KEY_UISupportedInterfaceOrientations_iPad = "UIInterfaceOrientationPortrait UIInterfaceOrientationPortraitUpsideDown UIInterfaceOrientationLandscapeLeft UIInterfaceOrientationLandscapeRight";
				INFOPLIST_KEY_UISupportedInterfaceOrientations_iPhone = "UIInterfaceOrientationPortrait UIInterfaceOrientationLandscapeLeft UIInterfaceOrientationLandscapeRight";
				LD_RUNPATH_SEARCH_PATHS = (
					"$(inherited)",
					"@executable_path/Frameworks",
				);
				MARKETING_VERSION = 1.0;
				PRODUCT_BUNDLE_IDENTIFIER = com.org.ChatBot;
				PRODUCT_NAME = "$(TARGET_NAME)";
				SWIFT_EMIT_LOC_STRINGS = YES;
				SWIFT_VERSION = 5.0;
				TARGETED_DEVICE_FAMILY = "1,2";
			};
			name = Release;
		};
		229BF1CB2CFF713A0013CDB6 /* Debug */ = {
			isa = XCBuildConfiguration;
			buildSettings = {
				BUNDLE_LOADER = "$(TEST_HOST)";
				CODE_SIGN_STYLE = Automatic;
				CURRENT_PROJECT_VERSION = 1;
				DEVELOPMENT_TEAM = SVAV366JMC;
				GENERATE_INFOPLIST_FILE = YES;
				MARKETING_VERSION = 1.0;
				PRODUCT_BUNDLE_IDENTIFIER = com.org.ChatBotTests;
				PRODUCT_NAME = "$(TARGET_NAME)";
				SWIFT_EMIT_LOC_STRINGS = NO;
				SWIFT_VERSION = 5.0;
				TARGETED_DEVICE_FAMILY = "1,2";
				TEST_HOST = "$(BUILT_PRODUCTS_DIR)/ChatBot.app/$(BUNDLE_EXECUTABLE_FOLDER_PATH)/ChatBot";
			};
			name = Debug;
		};
		229BF1CC2CFF713A0013CDB6 /* Release */ = {
			isa = XCBuildConfiguration;
			buildSettings = {
				BUNDLE_LOADER = "$(TEST_HOST)";
				CODE_SIGN_STYLE = Automatic;
				CURRENT_PROJECT_VERSION = 1;
				DEVELOPMENT_TEAM = SVAV366JMC;
				GENERATE_INFOPLIST_FILE = YES;
				MARKETING_VERSION = 1.0;
				PRODUCT_BUNDLE_IDENTIFIER = com.org.ChatBotTests;
				PRODUCT_NAME = "$(TARGET_NAME)";
				SWIFT_EMIT_LOC_STRINGS = NO;
				SWIFT_VERSION = 5.0;
				TARGETED_DEVICE_FAMILY = "1,2";
				TEST_HOST = "$(BUILT_PRODUCTS_DIR)/ChatBot.app/$(BUNDLE_EXECUTABLE_FOLDER_PATH)/ChatBot";
			};
			name = Release;
		};
/* End XCBuildConfiguration section */

/* Begin XCConfigurationList section */
		22789C912CFC649D00CCEC2F /* Build configuration list for PBXProject "ChatBot" */ = {
			isa = XCConfigurationList;
			buildConfigurations = (
				22789CA22CFC649E00CCEC2F /* Debug */,
				22789CA32CFC649E00CCEC2F /* Release */,
			);
			defaultConfigurationIsVisible = 0;
			defaultConfigurationName = Release;
		};
		22789CA42CFC649E00CCEC2F /* Build configuration list for PBXNativeTarget "ChatBot" */ = {
			isa = XCConfigurationList;
			buildConfigurations = (
				22789CA52CFC649E00CCEC2F /* Debug */,
				22789CA62CFC649E00CCEC2F /* Release */,
			);
			defaultConfigurationIsVisible = 0;
			defaultConfigurationName = Release;
		};
		229BF1CA2CFF713A0013CDB6 /* Build configuration list for PBXNativeTarget "ChatBotTests" */ = {
			isa = XCConfigurationList;
			buildConfigurations = (
				229BF1CB2CFF713A0013CDB6 /* Debug */,
				229BF1CC2CFF713A0013CDB6 /* Release */,
			);
			defaultConfigurationIsVisible = 0;
			defaultConfigurationName = Release;
		};
/* End XCConfigurationList section */

/* Begin XCRemoteSwiftPackageReference section */
		227FF98F2CFF61E30034A9DD /* XCRemoteSwiftPackageReference "GoogleSignIn-iOS" */ = {
			isa = XCRemoteSwiftPackageReference;
			repositoryURL = "https://github.com/google/GoogleSignIn-iOS.git";
			requirement = {
				kind = upToNextMajorVersion;
				minimumVersion = 8.0.0;
			};
		};
		22D36F752CFE0EFF008B25E8 /* XCRemoteSwiftPackageReference "firebase-ios-sdk" */ = {
			isa = XCRemoteSwiftPackageReference;
			repositoryURL = "https://github.com/firebase/firebase-ios-sdk.git";
			requirement = {
				kind = upToNextMajorVersion;
				minimumVersion = 11.5.0;
			};
		};
/* End XCRemoteSwiftPackageReference section */

/* Begin XCSwiftPackageProductDependency section */
		227FF9902CFF61E30034A9DD /* GoogleSignIn */ = {
			isa = XCSwiftPackageProductDependency;
			package = 227FF98F2CFF61E30034A9DD /* XCRemoteSwiftPackageReference "GoogleSignIn-iOS" */;
			productName = GoogleSignIn;
		};
		227FF9922CFF61E30034A9DD /* GoogleSignInSwift */ = {
			isa = XCSwiftPackageProductDependency;
			package = 227FF98F2CFF61E30034A9DD /* XCRemoteSwiftPackageReference "GoogleSignIn-iOS" */;
			productName = GoogleSignInSwift;
		};
		22D36F762CFE0EFF008B25E8 /* FirebaseAnalytics */ = {
			isa = XCSwiftPackageProductDependency;
			package = 22D36F752CFE0EFF008B25E8 /* XCRemoteSwiftPackageReference "firebase-ios-sdk" */;
			productName = FirebaseAnalytics;
		};
		22D36F782CFE0EFF008B25E8 /* FirebaseAuth */ = {
			isa = XCSwiftPackageProductDependency;
			package = 22D36F752CFE0EFF008B25E8 /* XCRemoteSwiftPackageReference "firebase-ios-sdk" */;
			productName = FirebaseAuth;
		};
		22D36F7A2CFE0EFF008B25E8 /* FirebaseFirestore */ = {
			isa = XCSwiftPackageProductDependency;
			package = 22D36F752CFE0EFF008B25E8 /* XCRemoteSwiftPackageReference "firebase-ios-sdk" */;
			productName = FirebaseFirestore;
		};
/* End XCSwiftPackageProductDependency section */
	};
	rootObject = 22789C8E2CFC649D00CCEC2F /* Project object */;
}
